
Microsoft Visual Studio Solution File, Format Version 12.00
# Visual Studio Version 17
VisualStudioVersion = 17.7.34009.444
MinimumVisualStudioVersion = 10.0.40219.1
Project("{8BC9CEB8-8B4A-11D0-8D11-00A0C91BC942}") = "BOJ_1759", "BOJ_1759\BOJ_1759.vcxproj", "{D50D1720-B06E-4AA8-BF07-751790A40307}"
EndProject
Global
	GlobalSection(SolutionConfigurationPlatforms) = preSolution
		Debug|x64 = Debug|x64
		Release|x64 = Release|x64
	EndGlobalSection
	GlobalSection(ProjectConfigurationPlatforms) = postSolution
		{D50D1720-B06E-4AA8-BF07-751790A40307}.Debug|x64.ActiveCfg = Debug|x64
		{D50D1720-B06E-4AA8-BF07-751790A40307}.Debug|x64.Build.0 = Debug|x64
		{D50D1720-B06E-4AA8-BF07-751790A40307}.Release|x64.ActiveCfg = Release|x64
		{D50D1720-B06E-4AA8-BF07-751790A40307}.Release|x64.Build.0 = Release|x64
	EndGlobalSection
	GlobalSection(SolutionProperties) = preSolution
		HideSolutionNode = FALSE
	EndGlobalSection
	GlobalSection(ExtensibilityGlobals) = postSolution
		SolutionGuid = {46388AE1-C053-487D-9F37-90CD2A98A512}
	EndGlobalSection
EndGlobal
